
Microsoft Visual Studio Solution File, Format Version 12.00
Project("{FAE04EC0-301F-11D3-BF4B-00C04F79EFBC}") = "Level2", "Level2.csproj", "{FE333F9A-ACC9-46DA-877C-AF647932370F}"
EndProject
Global
	GlobalSection(SolutionConfigurationPlatforms) = preSolution
		Debug|Any CPU = Debug|Any CPU
		Release|Any CPU = Release|Any CPU
	EndGlobalSection
	GlobalSection(ProjectConfigurationPlatforms) = postSolution
		{FE333F9A-ACC9-46DA-877C-AF647932370F}.Debug|Any CPU.ActiveCfg = Debug|Any CPU
		{FE333F9A-ACC9-46DA-877C-AF647932370F}.Debug|Any CPU.Build.0 = Debug|Any CPU
		{FE333F9A-ACC9-46DA-877C-AF647932370F}.Release|Any CPU.ActiveCfg = Release|Any CPU
		{FE333F9A-ACC9-46DA-877C-AF647932370F}.Release|Any CPU.Build.0 = Release|Any CPU
	EndGlobalSection
EndGlobal
